{
  "name": "AttendaceFaceRecognitionProject",
  "lockfileVersion": 2,
  "requires": true,
  "packages": {
    "": {
      "dependencies": {
        "file-saver": "^2.0.5",
        "navigator": "^1.0.1"
      }
    },
    "node_modules/file-saver": {
      "version": "2.0.5",
      "resolved": "https://registry.npmjs.org/file-saver/-/file-saver-2.0.5.tgz",
      "integrity": "sha512-P9bmyZ3h/PRG+Nzga+rbdI4OEpNDzAVyy74uVO9ATgzLK6VtAsYybF/+TOCvrc0MO793d6+42lLyZTw7/ArVzA=="
    },
    "node_modules/navigator": {
      "version": "1.0.1",
      "resolved": "https://registry.npmjs.org/navigator/-/navigator-1.0.1.tgz",
      "integrity": "sha512-fSy6/kUueQt6Ecr3w81rB+gWPRcf0WvzOodfV9EaYGZzCr2wk+3kwvfovMLDSxucKXBZ+jldOilWd6ZrIha4Jw==",
      "engines": {
        "node": ">= v0.2.0"
      }
    }
  },
  "dependencies": {
    "file-saver": {
      "version": "2.0.5",
      "resolved": "https://registry.npmjs.org/file-saver/-/file-saver-2.0.5.tgz",
      "integrity": "sha512-P9bmyZ3h/PRG+Nzga+rbdI4OEpNDzAVyy74uVO9ATgzLK6VtAsYybF/+TOCvrc0MO793d6+42lLyZTw7/ArVzA=="
    },
    "navigator": {
      "version": "1.0.1",
      "resolved": "https://registry.npmjs.org/navigator/-/navigator-1.0.1.tgz",
      "integrity": "sha512-fSy6/kUueQt6Ecr3w81rB+gWPRcf0WvzOodfV9EaYGZzCr2wk+3kwvfovMLDSxucKXBZ+jldOilWd6ZrIha4Jw=="
    }
  }
}
